
Microsoft Visual Studio Solution File, Format Version 12.00
# Visual Studio Version 17
VisualStudioVersion = 17.7.34221.43
MinimumVisualStudioVersion = 10.0.40219.1
Project("{FAE04EC0-301F-11D3-BF4B-00C04F79EFBC}") = "Uni_Movie", "Uni_Movie\Uni_Movie.csproj", "{03E4F7D1-0725-49B7-9B5E-8EFE5CD91A74}"
EndProject
Global
	GlobalSection(SolutionConfigurationPlatforms) = preSolution
		Debug|Any CPU = Debug|Any CPU
		Release|Any CPU = Release|Any CPU
	EndGlobalSection
	GlobalSection(ProjectConfigurationPlatforms) = postSolution
		{03E4F7D1-0725-49B7-9B5E-8EFE5CD91A74}.Debug|Any CPU.ActiveCfg = Debug|Any CPU
		{03E4F7D1-0725-49B7-9B5E-8EFE5CD91A74}.Debug|Any CPU.Build.0 = Debug|Any CPU
		{03E4F7D1-0725-49B7-9B5E-8EFE5CD91A74}.Release|Any CPU.ActiveCfg = Release|Any CPU
		{03E4F7D1-0725-49B7-9B5E-8EFE5CD91A74}.Release|Any CPU.Build.0 = Release|Any CPU
	EndGlobalSection
	GlobalSection(SolutionProperties) = preSolution
		HideSolutionNode = FALSE
	EndGlobalSection
	GlobalSection(ExtensibilityGlobals) = postSolution
		SolutionGuid = {FC478429-C7B8-48CC-ACDD-CF024DF4C44D}
	EndGlobalSection
EndGlobal
